{
  "name": "denali-themes",
  "version": "1.0.0",
  "lockfileVersion": 2,
  "requires": true,
  "packages": {
    "": {
      "version": "1.0.0",
      "license": "MIT",
      "dependencies": {
        "denali-css": "^2.2.4"
      }
    },
    "node_modules/denali-css": {
      "version": "2.2.4",
      "resolved": "https://registry.npmjs.org/denali-css/-/denali-css-2.2.4.tgz",
      "integrity": "sha512-HWTm30p9CLvTcbgnZKoZjilUDEba1XO7LUtDRjFlWowaCB4ndQ00IBQ29TwZ1vtpKhlNaaxSJWJyndhBn24qgg=="
    }
  },
  "dependencies": {
    "denali-css": {
      "version": "2.2.4",
      "resolved": "https://registry.npmjs.org/denali-css/-/denali-css-2.2.4.tgz",
      "integrity": "sha512-HWTm30p9CLvTcbgnZKoZjilUDEba1XO7LUtDRjFlWowaCB4ndQ00IBQ29TwZ1vtpKhlNaaxSJWJyndhBn24qgg=="
    }
  }
}
